
Microsoft Visual Studio Solution File, Format Version 12.00
# Visual Studio Version 17
VisualStudioVersion = 17.5.33502.453
MinimumVisualStudioVersion = 10.0.40219.1
Project("{9A19103F-16F7-4668-BE54-9A1E7A4F7556}") = "Atanasio1.Shared", "Atanasio1.Shared\Atanasio1.Shared.csproj", "{86D77593-45D7-4FCD-AEF4-A7AA3118BB62}"
EndProject
Project("{9A19103F-16F7-4668-BE54-9A1E7A4F7556}") = "Atanasio1.API", "Atanasio1.API\Atanasio1.API.csproj", "{D4A3B5DA-648A-454E-A02F-8622CA7BB6C7}"
EndProject
Project("{9A19103F-16F7-4668-BE54-9A1E7A4F7556}") = "Atanasio1.WEB", "Atanasio1.WEB\Atanasio1.WEB.csproj", "{21E347A8-28EA-4DF7-8BA5-6C314DCC9CD9}"
EndProject
Project("{9A19103F-16F7-4668-BE54-9A1E7A4F7556}") = "Atanasio1.Mobile", "Atanasio1.Mobile\Atanasio1.Mobile.csproj", "{06D9637B-1725-43E8-AADF-744D8260C2EE}"
EndProject
Global
	GlobalSection(SolutionConfigurationPlatforms) = preSolution
		Debug|Any CPU = Debug|Any CPU
		Release|Any CPU = Release|Any CPU
	EndGlobalSection
	GlobalSection(ProjectConfigurationPlatforms) = postSolution
		{86D77593-45D7-4FCD-AEF4-A7AA3118BB62}.Debug|Any CPU.ActiveCfg = Debug|Any CPU
		{86D77593-45D7-4FCD-AEF4-A7AA3118BB62}.Debug|Any CPU.Build.0 = Debug|Any CPU
		{86D77593-45D7-4FCD-AEF4-A7AA3118BB62}.Release|Any CPU.ActiveCfg = Release|Any CPU
		{86D77593-45D7-4FCD-AEF4-A7AA3118BB62}.Release|Any CPU.Build.0 = Release|Any CPU
		{D4A3B5DA-648A-454E-A02F-8622CA7BB6C7}.Debug|Any CPU.ActiveCfg = Debug|Any CPU
		{D4A3B5DA-648A-454E-A02F-8622CA7BB6C7}.Debug|Any CPU.Build.0 = Debug|Any CPU
		{D4A3B5DA-648A-454E-A02F-8622CA7BB6C7}.Release|Any CPU.ActiveCfg = Release|Any CPU
		{D4A3B5DA-648A-454E-A02F-8622CA7BB6C7}.Release|Any CPU.Build.0 = Release|Any CPU
		{21E347A8-28EA-4DF7-8BA5-6C314DCC9CD9}.Debug|Any CPU.ActiveCfg = Debug|Any CPU
		{21E347A8-28EA-4DF7-8BA5-6C314DCC9CD9}.Debug|Any CPU.Build.0 = Debug|Any CPU
		{21E347A8-28EA-4DF7-8BA5-6C314DCC9CD9}.Release|Any CPU.ActiveCfg = Release|Any CPU
		{21E347A8-28EA-4DF7-8BA5-6C314DCC9CD9}.Release|Any CPU.Build.0 = Release|Any CPU
		{06D9637B-1725-43E8-AADF-744D8260C2EE}.Debug|Any CPU.ActiveCfg = Debug|Any CPU
		{06D9637B-1725-43E8-AADF-744D8260C2EE}.Debug|Any CPU.Build.0 = Debug|Any CPU
		{06D9637B-1725-43E8-AADF-744D8260C2EE}.Debug|Any CPU.Deploy.0 = Debug|Any CPU
		{06D9637B-1725-43E8-AADF-744D8260C2EE}.Release|Any CPU.ActiveCfg = Release|Any CPU
		{06D9637B-1725-43E8-AADF-744D8260C2EE}.Release|Any CPU.Build.0 = Release|Any CPU
		{06D9637B-1725-43E8-AADF-744D8260C2EE}.Release|Any CPU.Deploy.0 = Release|Any CPU
	EndGlobalSection
	GlobalSection(SolutionProperties) = preSolution
		HideSolutionNode = FALSE
	EndGlobalSection
	GlobalSection(ExtensibilityGlobals) = postSolution
		SolutionGuid = {BACB19CB-D17D-4618-BB22-0494AC8A5F33}
	EndGlobalSection
EndGlobal
